{
  "name": "resources",
  "version": "1.0.0",
  "lockfileVersion": 3,
  "requires": true,
  "packages": {
    "": {
      "name": "resources",
      "version": "1.0.0",
      "license": "ISC",
      "dependencies": {
        "@swc/wasm-web": "^1.3.98",
        "typescript": "^5.4.3"
      }
    },
    "node_modules/@swc/wasm-web": {
      "version": "1.11.24",
      "resolved": "https://registry.npmmirror.com/@swc/wasm-web/-/wasm-web-1.11.24.tgz",
      "integrity": "sha512-gnZhWR+knkXVzV9fF6urBtWc8jdBsIW5iyEVM6K0NY4Dvcb2pDk1GKe066O3b5SOI3AzqPXDDIcFwRX5Zltqmw==",
      "license": "Apache-2.0"
    },
    "node_modules/typescript": {
      "version": "5.8.3",
      "resolved": "https://registry.npmmirror.com/typescript/-/typescript-5.8.3.tgz",
      "integrity": "sha512-p1diW6TqL9L07nNxvRMM7hMMw4c5XOo/1ibL4aAIGmSAt9slTE1Xgw5KWuof2uTOvCg9BY7ZRi+GaF+7sfgPeQ==",
      "license": "Apache-2.0",
      "bin": {
        "tsc": "bin/tsc",
        "tsserver": "bin/tsserver"
      },
      "engines": {
        "node": ">=14.17"
      }
    }
  }
}
